{
    "_readme": [
        "This file locks the dependencies of your project to a known state",
        "Read more about it at https://getcomposer.org/doc/01-basic-usage.md#installing-dependencies",
        "This file is @generated automatically"
    ],
    "content-hash": "6cad95d2ccf9d9833879dfc93a0b8f7a",
    "packages": [
        {
            "name": "sabre/event",
            "version": "5.1.4",
            "source": {
                "type": "git",
                "url": "https://github.com/sabre-io/event.git",
                "reference": "d7da22897125d34d7eddf7977758191c06a74497"
            },
            "dist": {
                "type": "zip",
                "url": "https://api.github.com/repos/sabre-io/event/zipball/d7da22897125d34d7eddf7977758191c06a74497",
                "reference": "d7da22897125d34d7eddf7977758191c06a74497",
                "shasum": ""
            },
            "require": {
                "php": "^7.1 || ^8.0"
            },
            "require-dev": {
                "friendsofphp/php-cs-fixer": "~2.17.1",
                "phpstan/phpstan": "^0.12",
                "phpunit/phpunit": "^7.5 || ^8.5 || ^9.0"
            },
            "type": "library",
            "autoload": {
                "files": [
                    "lib/coroutine.php",
                    "lib/Loop/functions.php",
                    "lib/Promise/functions.php"
                ],
                "psr-4": {
                    "Sabre\\Event\\": "lib/"
                }
            },
            "notification-url": "https://packagist.org/downloads/",
            "license": [
                "BSD-3-Clause"
            ],
            "authors": [
                {
                    "name": "Evert Pot",
                    "email": "me@evertpot.com",
                    "homepage": "http://evertpot.com/",
                    "role": "Developer"
                }
            ],
            "description": "sabre/event is a library for lightweight event-based programming",
            "homepage": "http://sabre.io/event/",
            "keywords": [
                "EventEmitter",
                "async",
                "coroutine",
                "eventloop",
                "events",
                "hooks",
                "plugin",
                "promise",
                "reactor",
                "signal"
            ],
            "support": {
                "forum": "https://groups.google.com/group/sabredav-discuss",
                "issues": "https://github.com/sabre-io/event/issues",
                "source": "https://github.com/fruux/sabre-event"
            },
            "time": "2021-11-04T06:51:17+00:00"
        },
        {
            "name": "sabre/http",
            "version": "5.1.6",
            "source": {
                "type": "git",
                "url": "https://github.com/sabre-io/http.git",
                "reference": "9976ac34ced206bd6579b7b37b401de9fac98dae"
            },
            "dist": {
                "type": "zip",
                "url": "https://api.github.com/repos/sabre-io/http/zipball/9976ac34ced206bd6579b7b37b401de9fac98dae",
                "reference": "9976ac34ced206bd6579b7b37b401de9fac98dae",
                "shasum": ""
            },
            "require": {
                "ext-ctype": "*",
                "ext-curl": "*",
                "ext-mbstring": "*",
                "php": "^7.1 || ^8.0",
                "sabre/event": ">=4.0 <6.0",
                "sabre/uri": "^2.0"
            },
            "require-dev": {
                "friendsofphp/php-cs-fixer": "~2.17.1",
                "phpstan/phpstan": "^0.12",
                "phpunit/phpunit": "^7.5 || ^8.5 || ^9.0"
            },
            "suggest": {
                "ext-curl": " to make http requests with the Client class"
            },
            "type": "library",
            "autoload": {
                "files": [
                    "lib/functions.php"
                ],
                "psr-4": {
                    "Sabre\\HTTP\\": "lib/"
                }
            },
            "notification-url": "https://packagist.org/downloads/",
            "license": [
                "BSD-3-Clause"
            ],
            "authors": [
                {
                    "name": "Evert Pot",
                    "email": "me@evertpot.com",
                    "homepage": "http://evertpot.com/",
                    "role": "Developer"
                }
            ],
            "description": "The sabre/http library provides utilities for dealing with http requests and responses. ",
            "homepage": "https://github.com/fruux/sabre-http",
            "keywords": [
                "http"
            ],
            "support": {
                "forum": "https://groups.google.com/group/sabredav-discuss",
                "issues": "https://github.com/sabre-io/http/issues",
                "source": "https://github.com/fruux/sabre-http"
            },
            "time": "2022-07-15T14:51:14+00:00"
        },
        {
            "name": "sabre/uri",
            "version": "2.3.0",
            "source": {
                "type": "git",
                "url": "https://github.com/sabre-io/uri.git",
                "reference": "4e84208b86d351e8a439613f318feda7a0152b48"
            },
            "dist": {
                "type": "zip",
                "url": "https://api.github.com/repos/sabre-io/uri/zipball/4e84208b86d351e8a439613f318feda7a0152b48",
                "reference": "4e84208b86d351e8a439613f318feda7a0152b48",
                "shasum": ""
            },
            "require": {
                "php": "^7.4 || ^8.0"
            },
            "require-dev": {
                "friendsofphp/php-cs-fixer": "^3.9",
                "phpstan/phpstan": "^1.8",
                "phpunit/phpunit": "^9.0"
            },
            "type": "library",
            "autoload": {
                "files": [
                    "lib/functions.php"
                ],
                "psr-4": {
                    "Sabre\\Uri\\": "lib/"
                }
            },
            "notification-url": "https://packagist.org/downloads/",
            "license": [
                "BSD-3-Clause"
            ],
            "authors": [
                {
                    "name": "Evert Pot",
                    "email": "me@evertpot.com",
                    "homepage": "http://evertpot.com/",
                    "role": "Developer"
                }
            ],
            "description": "Functions for making sense out of URIs.",
            "homepage": "http://sabre.io/uri/",
            "keywords": [
                "rfc3986",
                "uri",
                "url"
            ],
            "support": {
                "forum": "https://groups.google.com/group/sabredav-discuss",
                "issues": "https://github.com/sabre-io/uri/issues",
                "source": "https://github.com/fruux/sabre-uri"
            },
            "time": "2022-08-17T09:51:38+00:00"
        }
    ],
    "packages-dev": [
        {
            "name": "laravel/pint",
            "version": "v1.1.1",
            "source": {
                "type": "git",
                "url": "https://github.com/laravel/pint.git",
                "reference": "118a55fc3a870f20ae111b7439f18bd20298d388"
            },
            "dist": {
                "type": "zip",
                "url": "https://api.github.com/repos/laravel/pint/zipball/118a55fc3a870f20ae111b7439f18bd20298d388",
                "reference": "118a55fc3a870f20ae111b7439f18bd20298d388",
                "shasum": ""
            },
            "require": {
                "ext-json": "*",
                "ext-mbstring": "*",
                "ext-tokenizer": "*",
                "ext-xml": "*",
                "php": "^8.0"
            },
            "require-dev": {
                "friendsofphp/php-cs-fixer": "^3.9.5",
                "illuminate/view": "^9.22.1",
                "laravel-zero/framework": "^9.1.2",
                "mockery/mockery": "^1.5.0",
                "nunomaduro/larastan": "^2.1.12",
                "nunomaduro/termwind": "^1.13.0",
                "pestphp/pest": "^1.21.3"
            },
            "bin": [
                "builds/pint"
            ],
            "type": "project",
            "autoload": {
                "psr-4": {
                    "App\\": "app/",
                    "Database\\Seeders\\": "database/seeders/",
                    "Database\\Factories\\": "database/factories/"
                }
            },
            "notification-url": "https://packagist.org/downloads/",
            "license": [
                "MIT"
            ],
            "authors": [
                {
                    "name": "Nuno Maduro",
                    "email": "enunomaduro@gmail.com"
                }
            ],
            "description": "An opinionated code formatter for PHP.",
            "homepage": "https://laravel.com",
            "keywords": [
                "format",
                "formatter",
                "lint",
                "linter",
                "php"
            ],
            "support": {
                "issues": "https://github.com/laravel/pint/issues",
                "source": "https://github.com/laravel/pint"
            },
            "time": "2022-08-02T15:02:55+00:00"
        },
        {
            "name": "phpstan/phpstan",
            "version": "1.8.2",
            "source": {
                "type": "git",
                "url": "https://github.com/phpstan/phpstan.git",
                "reference": "c53312ecc575caf07b0e90dee43883fdf90ca67c"
            },
            "dist": {
                "type": "zip",
                "url": "https://api.github.com/repos/phpstan/phpstan/zipball/c53312ecc575caf07b0e90dee43883fdf90ca67c",
                "reference": "c53312ecc575caf07b0e90dee43883fdf90ca67c",
                "shasum": ""
            },
            "require": {
                "php": "^7.2|^8.0"
            },
            "conflict": {
                "phpstan/phpstan-shim": "*"
            },
            "bin": [
                "phpstan",
                "phpstan.phar"
            ],
            "type": "library",
            "autoload": {
                "files": [
                    "bootstrap.php"
                ]
            },
            "notification-url": "https://packagist.org/downloads/",
            "license": [
                "MIT"
            ],
            "description": "PHPStan - PHP Static Analysis Tool",
            "support": {
                "issues": "https://github.com/phpstan/phpstan/issues",
                "source": "https://github.com/phpstan/phpstan/tree/1.8.2"
            },
            "funding": [
                {
                    "url": "https://github.com/ondrejmirtes",
                    "type": "github"
                },
                {
                    "url": "https://github.com/phpstan",
                    "type": "github"
                },
                {
                    "url": "https://www.patreon.com/phpstan",
                    "type": "patreon"
                },
                {
                    "url": "https://tidelift.com/funding/github/packagist/phpstan/phpstan",
                    "type": "tidelift"
                }
            ],
            "time": "2022-07-20T09:57:31+00:00"
        }
    ],
    "aliases": [],
    "minimum-stability": "stable",
    "stability-flags": [],
    "prefer-stable": false,
    "prefer-lowest": false,
    "platform": [],
    "platform-dev": [],
    "plugin-api-version": "2.3.0"
}
